// !$*UTF8*$!
{
	archiveVersion = 1;
	classes = {
	};
	objectVersion = 50;
	objects = {

/* Begin PBXBuildFile section */
		46381D8F2499EAE400B88D74 /* ListCollectionViewDelegateHelper.swift in Sources */ = {isa = PBXBuildFile; fileRef = 46381D8E2499EAE400B88D74 /* ListCollectionViewDelegateHelper.swift */; };
		46381D952499EF3900B88D74 /* ListCollectionViewItem.swift in Sources */ = {isa = PBXBuildFile; fileRef = 46381D932499EF3900B88D74 /* ListCollectionViewItem.swift */; };
		46381D962499EF3900B88D74 /* ListCollectionViewItem.xib in Resources */ = {isa = PBXBuildFile; fileRef = 46381D942499EF3900B88D74 /* ListCollectionViewItem.xib */; };
		4656AC6D2656566D00CAEFC5 /* String.swift in Sources */ = {isa = PBXBuildFile; fileRef = 4656AC6C2656566D00CAEFC5 /* String.swift */; };
		469FF7A826EF767400EF99AB /* AboutWindow.storyboard in Resources */ = {isa = PBXBuildFile; fileRef = 469FF7A526EF767400EF99AB /* AboutWindow.storyboard */; };
		469FF7A926EF767400EF99AB /* AboutWindowController.swift in Sources */ = {isa = PBXBuildFile; fileRef = 469FF7A626EF767400EF99AB /* AboutWindowController.swift */; };
		469FF7AA26EF767400EF99AB /* AboutViewController.swift in Sources */ = {isa = PBXBuildFile; fileRef = 469FF7A726EF767400EF99AB /* AboutViewController.swift */; };
		46CFD33424989DB6004FE472 /* AppDelegate.swift in Sources */ = {isa = PBXBuildFile; fileRef = 46CFD33324989DB6004FE472 /* AppDelegate.swift */; };
		46CFD33624989DB6004FE472 /* ViewController.swift in Sources */ = {isa = PBXBuildFile; fileRef = 46CFD33524989DB6004FE472 /* ViewController.swift */; };
		46CFD33824989DB7004FE472 /* Assets.xcassets in Resources */ = {isa = PBXBuildFile; fileRef = 46CFD33724989DB7004FE472 /* Assets.xcassets */; };
		46CFD33B24989DB7004FE472 /* Main.storyboard in Resources */ = {isa = PBXBuildFile; fileRef = 46CFD33924989DB7004FE472 /* Main.storyboard */; };
		46CFD70524990017004FE472 /* MainWindow.swift in Sources */ = {isa = PBXBuildFile; fileRef = 46CFD70424990017004FE472 /* MainWindow.swift */; };
		46CFD7072499E497004FE472 /* PaddedTextFieldCell.swift in Sources */ = {isa = PBXBuildFile; fileRef = 46CFD7062499E497004FE472 /* PaddedTextFieldCell.swift */; };
/* End PBXBuildFile section */

/* Begin PBXFileReference section */
		46381D8E2499EAE400B88D74 /* ListCollectionViewDelegateHelper.swift */ = {isa = PBXFileReference; lastKnownFileType = sourcecode.swift; path = ListCollectionViewDelegateHelper.swift; sourceTree = "<group>"; };
		46381D932499EF3900B88D74 /* ListCollectionViewItem.swift */ = {isa = PBXFileReference; lastKnownFileType = sourcecode.swift; path = ListCollectionViewItem.swift; sourceTree = "<group>"; };
		46381D942499EF3900B88D74 /* ListCollectionViewItem.xib */ = {isa = PBXFileReference; lastKnownFileType = file.xib; path = ListCollectionViewItem.xib; sourceTree = "<group>"; };
		4656AC6C2656566D00CAEFC5 /* String.swift */ = {isa = PBXFileReference; lastKnownFileType = sourcecode.swift; path = String.swift; sourceTree = "<group>"; };
		469FF7A526EF767400EF99AB /* AboutWindow.storyboard */ = {isa = PBXFileReference; fileEncoding = 4; lastKnownFileType = file.storyboard; path = AboutWindow.storyboard; sourceTree = "<group>"; };
		469FF7A626EF767400EF99AB /* AboutWindowController.swift */ = {isa = PBXFileReference; fileEncoding = 4; lastKnownFileType = sourcecode.swift; path = AboutWindowController.swift; sourceTree = "<group>"; };
		469FF7A726EF767400EF99AB /* AboutViewController.swift */ = {isa = PBXFileReference; fileEncoding = 4; lastKnownFileType = sourcecode.swift; path = AboutViewController.swift; sourceTree = "<group>"; };
		46CFD33024989DB6004FE472 /* ClipboardManager.app */ = {isa = PBXFileReference; explicitFileType = wrapper.application; includeInIndex = 0; path = ClipboardManager.app; sourceTree = BUILT_PRODUCTS_DIR; };
		46CFD33324989DB6004FE472 /* AppDelegate.swift */ = {isa = PBXFileReference; lastKnownFileType = sourcecode.swift; path = AppDelegate.swift; sourceTree = "<group>"; };
		46CFD33524989DB6004FE472 /* ViewController.swift */ = {isa = PBXFileReference; lastKnownFileType = sourcecode.swift; path = ViewController.swift; sourceTree = "<group>"; };
		46CFD33724989DB7004FE472 /* Assets.xcassets */ = {isa = PBXFileReference; lastKnownFileType = folder.assetcatalog; path = Assets.xcassets; sourceTree = "<group>"; };
		46CFD33A24989DB7004FE472 /* Base */ = {isa = PBXFileReference; lastKnownFileType = file.storyboard; name = Base; path = Base.lproj/Main.storyboard; sourceTree = "<group>"; };
		46CFD33C24989DB7004FE472 /* Info.plist */ = {isa = PBXFileReference; lastKnownFileType = text.plist.xml; path = Info.plist; sourceTree = "<group>"; };
		46CFD33D24989DB7004FE472 /* ClipboardManager.entitlements */ = {isa = PBXFileReference; lastKnownFileType = text.plist.entitlements; path = ClipboardManager.entitlements; sourceTree = "<group>"; };
		46CFD70424990017004FE472 /* MainWindow.swift */ = {isa = PBXFileReference; lastKnownFileType = sourcecode.swift; path = MainWindow.swift; sourceTree = "<group>"; };
		46CFD7062499E497004FE472 /* PaddedTextFieldCell.swift */ = {isa = PBXFileReference; lastKnownFileType = sourcecode.swift; path = PaddedTextFieldCell.swift; sourceTree = "<group>"; };
/* End PBXFileReference section */

/* Begin PBXFrameworksBuildPhase section */
		46CFD32D24989DB6004FE472 /* Frameworks */ = {
			isa = PBXFrameworksBuildPhase;
			buildActionMask = 2147483647;
			files = (
			);
			runOnlyForDeploymentPostprocessing = 0;
		};
/* End PBXFrameworksBuildPhase section */

/* Begin PBXGroup section */
		46381D902499EDCA00B88D74 /* ListCollectionViewItem */ = {
			isa = PBXGroup;
			children = (
				46381D932499EF3900B88D74 /* ListCollectionViewItem.swift */,
				46381D942499EF3900B88D74 /* ListCollectionViewItem.xib */,
			);
			path = ListCollectionViewItem;
			sourceTree = "<group>";
		};
		4656AC6B2656565F00CAEFC5 /* Extensions */ = {
			isa = PBXGroup;
			children = (
				4656AC6C2656566D00CAEFC5 /* String.swift */,
			);
			path = Extensions;
			sourceTree = "<group>";
		};
		469FF7A426EF767400EF99AB /* About */ = {
			isa = PBXGroup;
			children = (
				469FF7A526EF767400EF99AB /* AboutWindow.storyboard */,
				469FF7A626EF767400EF99AB /* AboutWindowController.swift */,
				469FF7A726EF767400EF99AB /* AboutViewController.swift */,
			);
			path = About;
			sourceTree = "<group>";
		};
		46CFD32724989DB6004FE472 = {
			isa = PBXGroup;
			children = (
				46CFD33224989DB6004FE472 /* ClipboardManager */,
				46CFD33124989DB6004FE472 /* Products */,
			);
			sourceTree = "<group>";
		};
		46CFD33124989DB6004FE472 /* Products */ = {
			isa = PBXGroup;
			children = (
				46CFD33024989DB6004FE472 /* ClipboardManager.app */,
			);
			name = Products;
			sourceTree = "<group>";
		};
		46CFD33224989DB6004FE472 /* ClipboardManager */ = {
			isa = PBXGroup;
			children = (
				469FF7A426EF767400EF99AB /* About */,
				4656AC6B2656565F00CAEFC5 /* Extensions */,
				46381D902499EDCA00B88D74 /* ListCollectionViewItem */,
				46CFD33324989DB6004FE472 /* AppDelegate.swift */,
				46CFD33524989DB6004FE472 /* ViewController.swift */,
				46CFD33724989DB7004FE472 /* Assets.xcassets */,
				46CFD33924989DB7004FE472 /* Main.storyboard */,
				46CFD33C24989DB7004FE472 /* Info.plist */,
				46CFD33D24989DB7004FE472 /* ClipboardManager.entitlements */,
				46CFD70424990017004FE472 /* MainWindow.swift */,
				46CFD7062499E497004FE472 /* PaddedTextFieldCell.swift */,
				46381D8E2499EAE400B88D74 /* ListCollectionViewDelegateHelper.swift */,
			);
			path = ClipboardManager;
			sourceTree = "<group>";
		};
/* End PBXGroup section */

/* Begin PBXNativeTarget section */
		46CFD32F24989DB6004FE472 /* ClipboardManager */ = {
			isa = PBXNativeTarget;
			buildConfigurationList = 46CFD34024989DB7004FE472 /* Build configuration list for PBXNativeTarget "ClipboardManager" */;
			buildPhases = (
				46CFD32C24989DB6004FE472 /* Sources */,
				46CFD32D24989DB6004FE472 /* Frameworks */,
				46CFD32E24989DB6004FE472 /* Resources */,
			);
			buildRules = (
			);
			dependencies = (
			);
			name = ClipboardManager;
			productName = ClipboardManager;
			productReference = 46CFD33024989DB6004FE472 /* ClipboardManager.app */;
			productType = "com.apple.product-type.application";
		};
/* End PBXNativeTarget section */

/* Begin PBXProject section */
		46CFD32824989DB6004FE472 /* Project object */ = {
			isa = PBXProject;
			attributes = {
				LastSwiftUpdateCheck = 1150;
				LastUpgradeCheck = 1150;
				ORGANIZATIONNAME = "Pavel Morozov";
				TargetAttributes = {
					46CFD32F24989DB6004FE472 = {
						CreatedOnToolsVersion = 11.5;
					};
				};
			};
			buildConfigurationList = 46CFD32B24989DB6004FE472 /* Build configuration list for PBXProject "ClipboardManager" */;
			compatibilityVersion = "Xcode 9.3";
			developmentRegion = en;
			hasScannedForEncodings = 0;
			knownRegions = (
				en,
				Base,
			);
			mainGroup = 46CFD32724989DB6004FE472;
			productRefGroup = 46CFD33124989DB6004FE472 /* Products */;
			projectDirPath = "";
			projectRoot = "";
			targets = (
				46CFD32F24989DB6004FE472 /* ClipboardManager */,
			);
		};
/* End PBXProject section */

/* Begin PBXResourcesBuildPhase section */
		46CFD32E24989DB6004FE472 /* Resources */ = {
			isa = PBXResourcesBuildPhase;
			buildActionMask = 2147483647;
			files = (
				469FF7A826EF767400EF99AB /* AboutWindow.storyboard in Resources */,
				46CFD33824989DB7004FE472 /* Assets.xcassets in Resources */,
				46381D962499EF3900B88D74 /* ListCollectionViewItem.xib in Resources */,
				46CFD33B24989DB7004FE472 /* Main.storyboard in Resources */,
			);
			runOnlyForDeploymentPostprocessing = 0;
		};
/* End PBXResourcesBuildPhase section */

/* Begin PBXSourcesBuildPhase section */
		46CFD32C24989DB6004FE472 /* Sources */ = {
			isa = PBXSourcesBuildPhase;
			buildActionMask = 2147483647;
			files = (
				46CFD33624989DB6004FE472 /* ViewController.swift in Sources */,
				46381D8F2499EAE400B88D74 /* ListCollectionViewDelegateHelper.swift in Sources */,
				46CFD70524990017004FE472 /* MainWindow.swift in Sources */,
				469FF7AA26EF767400EF99AB /* AboutViewController.swift in Sources */,
				46CFD33424989DB6004FE472 /* AppDelegate.swift in Sources */,
				4656AC6D2656566D00CAEFC5 /* String.swift in Sources */,
				469FF7A926EF767400EF99AB /* AboutWindowController.swift in Sources */,
				46CFD7072499E497004FE472 /* PaddedTextFieldCell.swift in Sources */,
				46381D952499EF3900B88D74 /* ListCollectionViewItem.swift in Sources */,
			);
			runOnlyForDeploymentPostprocessing = 0;
		};
/* End PBXSourcesBuildPhase section */

/* Begin PBXVariantGroup section */
		46CFD33924989DB7004FE472 /* Main.storyboard */ = {
			isa = PBXVariantGroup;
			children = (
				46CFD33A24989DB7004FE472 /* Base */,
			);
			name = Main.storyboard;
			sourceTree = "<group>";
		};
/* End PBXVariantGroup section */

/* Begin XCBuildConfiguration section */
		46CFD33E24989DB7004FE472 /* Debug */ = {
			isa = XCBuildConfiguration;
			buildSettings = {
				ALWAYS_SEARCH_USER_PATHS = NO;
				CLANG_ANALYZER_NONNULL = YES;
				CLANG_ANALYZER_NUMBER_OBJECT_CONVERSION = YES_AGGRESSIVE;
				CLANG_CXX_LANGUAGE_STANDARD = "gnu++14";
				CLANG_CXX_LIBRARY = "libc++";
				CLANG_ENABLE_MODULES = YES;
				CLANG_ENABLE_OBJC_ARC = YES;
				CLANG_ENABLE_OBJC_WEAK = YES;
				CLANG_WARN_BLOCK_CAPTURE_AUTORELEASING = YES;
				CLANG_WARN_BOOL_CONVERSION = YES;
				CLANG_WARN_COMMA = YES;
				CLANG_WARN_CONSTANT_CONVERSION = YES;
				CLANG_WARN_DEPRECATED_OBJC_IMPLEMENTATIONS = YES;
				CLANG_WARN_DIRECT_OBJC_ISA_USAGE = YES_ERROR;
				CLANG_WARN_DOCUMENTATION_COMMENTS = YES;
				CLANG_WARN_EMPTY_BODY = YES;
				CLANG_WARN_ENUM_CONVERSION = YES;
				CLANG_WARN_INFINITE_RECURSION = YES;
				CLANG_WARN_INT_CONVERSION = YES;
				CLANG_WARN_NON_LITERAL_NULL_CONVERSION = YES;
				CLANG_WARN_OBJC_IMPLICIT_RETAIN_SELF = YES;
				CLANG_WARN_OBJC_LITERAL_CONVERSION = YES;
				CLANG_WARN_OBJC_ROOT_CLASS = YES_ERROR;
				CLANG_WARN_RANGE_LOOP_ANALYSIS = YES;
				CLANG_WARN_STRICT_PROTOTYPES = YES;
				CLANG_WARN_SUSPICIOUS_MOVE = YES;
				CLANG_WARN_UNGUARDED_AVAILABILITY = YES_AGGRESSIVE;
				CLANG_WARN_UNREACHABLE_CODE = YES;
				CLANG_WARN__DUPLICATE_METHOD_MATCH = YES;
				COPY_PHASE_STRIP = NO;
				DEBUG_INFORMATION_FORMAT = dwarf;
				ENABLE_STRICT_OBJC_MSGSEND = YES;
				ENABLE_TESTABILITY = YES;
				GCC_C_LANGUAGE_STANDARD = gnu11;
				GCC_DYNAMIC_NO_PIC = NO;
				GCC_NO_COMMON_BLOCKS = YES;
				GCC_OPTIMIZATION_LEVEL = 0;
				GCC_PREPROCESSOR_DEFINITIONS = (
					"DEBUG=1",
					"$(inherited)",
				);
				GCC_WARN_64_TO_32_BIT_CONVERSION = YES;
				GCC_WARN_ABOUT_RETURN_TYPE = YES_ERROR;
				GCC_WARN_UNDECLARED_SELECTOR = YES;
				GCC_WARN_UNINITIALIZED_AUTOS = YES_AGGRESSIVE;
				GCC_WARN_UNUSED_FUNCTION = YES;
				GCC_WARN_UNUSED_VARIABLE = YES;
				MACOSX_DEPLOYMENT_TARGET = 10.12;
				MTL_ENABLE_DEBUG_INFO = INCLUDE_SOURCE;
				MTL_FAST_MATH = YES;
				ONLY_ACTIVE_ARCH = YES;
				SDKROOT = macosx;
				SWIFT_ACTIVE_COMPILATION_CONDITIONS = DEBUG;
				SWIFT_OPTIMIZATION_LEVEL = "-Onone";
			};
			name = Debug;
		};
		46CFD33F24989DB7004FE472 /* Release */ = {
			isa = XCBuildConfiguration;
			buildSettings = {
				ALWAYS_SEARCH_USER_PATHS = NO;
				CLANG_ANALYZER_NONNULL = YES;
				CLANG_ANALYZER_NUMBER_OBJECT_CONVERSION = YES_AGGRESSIVE;
				CLANG_CXX_LANGUAGE_STANDARD = "gnu++14";
				CLANG_CXX_LIBRARY = "libc++";
				CLANG_ENABLE_MODULES = YES;
				CLANG_ENABLE_OBJC_ARC = YES;
				CLANG_ENABLE_OBJC_WEAK = YES;
				CLANG_WARN_BLOCK_CAPTURE_AUTORELEASING = YES;
				CLANG_WARN_BOOL_CONVERSION = YES;
				CLANG_WARN_COMMA = YES;
				CLANG_WARN_CONSTANT_CONVERSION = YES;
				CLANG_WARN_DEPRECATED_OBJC_IMPLEMENTATIONS = YES;
				CLANG_WARN_DIRECT_OBJC_ISA_USAGE = YES_ERROR;
				CLANG_WARN_DOCUMENTATION_COMMENTS = YES;
				CLANG_WARN_EMPTY_BODY = YES;
				CLANG_WARN_ENUM_CONVERSION = YES;
				CLANG_WARN_INFINITE_RECURSION = YES;
				CLANG_WARN_INT_CONVERSION = YES;
				CLANG_WARN_NON_LITERAL_NULL_CONVERSION = YES;
				CLANG_WARN_OBJC_IMPLICIT_RETAIN_SELF = YES;
				CLANG_WARN_OBJC_LITERAL_CONVERSION = YES;
				CLANG_WARN_OBJC_ROOT_CLASS = YES_ERROR;
				CLANG_WARN_RANGE_LOOP_ANALYSIS = YES;
				CLANG_WARN_STRICT_PROTOTYPES = YES;
				CLANG_WARN_SUSPICIOUS_MOVE = YES;
				CLANG_WARN_UNGUARDED_AVAILABILITY = YES_AGGRESSIVE;
				CLANG_WARN_UNREACHABLE_CODE = YES;
				CLANG_WARN__DUPLICATE_METHOD_MATCH = YES;
				COPY_PHASE_STRIP = NO;
				DEBUG_INFORMATION_FORMAT = "dwarf-with-dsym";
				ENABLE_NS_ASSERTIONS = NO;
				ENABLE_STRICT_OBJC_MSGSEND = YES;
				GCC_C_LANGUAGE_STANDARD = gnu11;
				GCC_NO_COMMON_BLOCKS = YES;
				GCC_WARN_64_TO_32_BIT_CONVERSION = YES;
				GCC_WARN_ABOUT_RETURN_TYPE = YES_ERROR;
				GCC_WARN_UNDECLARED_SELECTOR = YES;
				GCC_WARN_UNINITIALIZED_AUTOS = YES_AGGRESSIVE;
				GCC_WARN_UNUSED_FUNCTION = YES;
				GCC_WARN_UNUSED_VARIABLE = YES;
				MACOSX_DEPLOYMENT_TARGET = 10.12;
				MTL_ENABLE_DEBUG_INFO = NO;
				MTL_FAST_MATH = YES;
				SDKROOT = macosx;
				SWIFT_COMPILATION_MODE = wholemodule;
				SWIFT_OPTIMIZATION_LEVEL = "-O";
			};
			name = Release;
		};
		46CFD34124989DB7004FE472 /* Debug */ = {
			isa = XCBuildConfiguration;
			buildSettings = {
				ASSETCATALOG_COMPILER_APPICON_NAME = AppIcon;
				CODE_SIGN_ENTITLEMENTS = ClipboardManager/ClipboardManager.entitlements;
				CODE_SIGN_STYLE = Automatic;
				COMBINE_HIDPI_IMAGES = YES;
				CURRENT_PROJECT_VERSION = 2;
				INFOPLIST_FILE = ClipboardManager/Info.plist;
				LD_RUNPATH_SEARCH_PATHS = (
					"$(inherited)",
					"@executable_path/../Frameworks",
				);
				MARKETING_VERSION = 1.0.1;
				PRODUCT_BUNDLE_IDENTIFIER = com.b333i.clipboardManager;
				PRODUCT_NAME = "$(TARGET_NAME)";
				SWIFT_VERSION = 5.0;
			};
			name = Debug;
		};
		46CFD34224989DB7004FE472 /* Release */ = {
			isa = XCBuildConfiguration;
			buildSettings = {
				ASSETCATALOG_COMPILER_APPICON_NAME = AppIcon;
				CODE_SIGN_ENTITLEMENTS = ClipboardManager/ClipboardManager.entitlements;
				CODE_SIGN_STYLE = Automatic;
				COMBINE_HIDPI_IMAGES = YES;
				CURRENT_PROJECT_VERSION = 2;
				INFOPLIST_FILE = ClipboardManager/Info.plist;
				LD_RUNPATH_SEARCH_PATHS = (
					"$(inherited)",
					"@executable_path/../Frameworks",
				);
				MARKETING_VERSION = 1.0.1;
				PRODUCT_BUNDLE_IDENTIFIER = com.b333i.clipboardManager;
				PRODUCT_NAME = "$(TARGET_NAME)";
				SWIFT_VERSION = 5.0;
			};
			name = Release;
		};
/* End XCBuildConfiguration section */

/* Begin XCConfigurationList section */
		46CFD32B24989DB6004FE472 /* Build configuration list for PBXProject "ClipboardManager" */ = {
			isa = XCConfigurationList;
			buildConfigurations = (
				46CFD33E24989DB7004FE472 /* Debug */,
				46CFD33F24989DB7004FE472 /* Release */,
			);
			defaultConfigurationIsVisible = 0;
			defaultConfigurationName = Release;
		};
		46CFD34024989DB7004FE472 /* Build configuration list for PBXNativeTarget "ClipboardManager" */ = {
			isa = XCConfigurationList;
			buildConfigurations = (
				46CFD34124989DB7004FE472 /* Debug */,
				46CFD34224989DB7004FE472 /* Release */,
			);
			defaultConfigurationIsVisible = 0;
			defaultConfigurationName = Release;
		};
/* End XCConfigurationList section */
	};
	rootObject = 46CFD32824989DB6004FE472 /* Project object */;
}
